
Microsoft Visual Studio Solution File, Format Version 12.00
# Visual Studio Version 17
VisualStudioVersion = 17.7.34031.279
MinimumVisualStudioVersion = 10.0.40219.1
Project("{FAE04EC0-301F-11D3-BF4B-00C04F79EFBC}") = "Arkovean.Chat", "Arkovean.Chat\Arkovean.Chat.csproj", "{6A8F744F-D25D-402B-A293-D4941F6555C1}"
EndProject
Project("{FAE04EC0-301F-11D3-BF4B-00C04F79EFBC}") = "Arkovean.Chat.Automation", "Arkovean.Chat.Automation\Arkovean.Chat.Automation.csproj", "{970B38FB-04A8-48CC-BF86-297C9F2365DE}"
EndProject
Global
	GlobalSection(SolutionConfigurationPlatforms) = preSolution
		Debug|Any CPU = Debug|Any CPU
		Release|Any CPU = Release|Any CPU
	EndGlobalSection
	GlobalSection(ProjectConfigurationPlatforms) = postSolution
		{6A8F744F-D25D-402B-A293-D4941F6555C1}.Debug|Any CPU.ActiveCfg = Debug|Any CPU
		{6A8F744F-D25D-402B-A293-D4941F6555C1}.Debug|Any CPU.Build.0 = Debug|Any CPU
		{6A8F744F-D25D-402B-A293-D4941F6555C1}.Release|Any CPU.ActiveCfg = Release|Any CPU
		{6A8F744F-D25D-402B-A293-D4941F6555C1}.Release|Any CPU.Build.0 = Release|Any CPU
		{970B38FB-04A8-48CC-BF86-297C9F2365DE}.Debug|Any CPU.ActiveCfg = Debug|Any CPU
		{970B38FB-04A8-48CC-BF86-297C9F2365DE}.Debug|Any CPU.Build.0 = Debug|Any CPU
		{970B38FB-04A8-48CC-BF86-297C9F2365DE}.Release|Any CPU.ActiveCfg = Release|Any CPU
		{970B38FB-04A8-48CC-BF86-297C9F2365DE}.Release|Any CPU.Build.0 = Release|Any CPU
	EndGlobalSection
	GlobalSection(SolutionProperties) = preSolution
		HideSolutionNode = FALSE
	EndGlobalSection
	GlobalSection(ExtensibilityGlobals) = postSolution
		SolutionGuid = {79FA4FF4-21A2-42D8-A997-E509247AA1AC}
	EndGlobalSection
EndGlobal
