
Microsoft Visual Studio Solution File, Format Version 12.00
# Visual Studio Version 17
VisualStudioVersion = 17.7.34031.279
MinimumVisualStudioVersion = 10.0.40219.1
Project("{9A19103F-16F7-4668-BE54-9A1E7A4F7556}") = "Chato.Server", "Chato.Server\Chato.Server.csproj", "{2BBBF510-2531-4129-ABF5-6A7FE3556AF3}"
EndProject
Project("{9A19103F-16F7-4668-BE54-9A1E7A4F7556}") = "Chato.Automation", "Chato.Automation\Chato.Automation.csproj", "{ECFD29D9-911E-4FC9-8252-47B289BF2163}"
EndProject
Project("{FAE04EC0-301F-11D3-BF4B-00C04F79EFBC}") = "Chatto.Shared", "Chatto.Shared\Chatto.Shared.csproj", "{C95B0016-8857-4DCB-9EF7-BD0382E7876F}"
EndProject
Project("{2150E333-8FDC-42A3-9474-1A3956D46DE8}") = "Scripts", "Scripts", "{742AB863-1FA4-4808-99B1-D0EC91D7A75E}"
	ProjectSection(SolutionItems) = preProject
		Scripts\SeqActivator.ps1 = Scripts\SeqActivator.ps1
	EndProjectSection
EndProject
Global
	GlobalSection(SolutionConfigurationPlatforms) = preSolution
		Debug|Any CPU = Debug|Any CPU
		Release|Any CPU = Release|Any CPU
	EndGlobalSection
	GlobalSection(ProjectConfigurationPlatforms) = postSolution
		{2BBBF510-2531-4129-ABF5-6A7FE3556AF3}.Debug|Any CPU.ActiveCfg = Debug|Any CPU
		{2BBBF510-2531-4129-ABF5-6A7FE3556AF3}.Debug|Any CPU.Build.0 = Debug|Any CPU
		{2BBBF510-2531-4129-ABF5-6A7FE3556AF3}.Release|Any CPU.ActiveCfg = Release|Any CPU
		{2BBBF510-2531-4129-ABF5-6A7FE3556AF3}.Release|Any CPU.Build.0 = Release|Any CPU
		{ECFD29D9-911E-4FC9-8252-47B289BF2163}.Debug|Any CPU.ActiveCfg = Debug|Any CPU
		{ECFD29D9-911E-4FC9-8252-47B289BF2163}.Debug|Any CPU.Build.0 = Debug|Any CPU
		{ECFD29D9-911E-4FC9-8252-47B289BF2163}.Release|Any CPU.ActiveCfg = Release|Any CPU
		{ECFD29D9-911E-4FC9-8252-47B289BF2163}.Release|Any CPU.Build.0 = Release|Any CPU
		{C95B0016-8857-4DCB-9EF7-BD0382E7876F}.Debug|Any CPU.ActiveCfg = Debug|Any CPU
		{C95B0016-8857-4DCB-9EF7-BD0382E7876F}.Debug|Any CPU.Build.0 = Debug|Any CPU
		{C95B0016-8857-4DCB-9EF7-BD0382E7876F}.Release|Any CPU.ActiveCfg = Release|Any CPU
		{C95B0016-8857-4DCB-9EF7-BD0382E7876F}.Release|Any CPU.Build.0 = Release|Any CPU
	EndGlobalSection
	GlobalSection(SolutionProperties) = preSolution
		HideSolutionNode = FALSE
	EndGlobalSection
	GlobalSection(ExtensibilityGlobals) = postSolution
		SolutionGuid = {79FA4FF4-21A2-42D8-A997-E509247AA1AC}
	EndGlobalSection
EndGlobal
